
Microsoft Visual Studio Solution File, Format Version 12.00
# Visual Studio Version 16
VisualStudioVersion = 16.0.30204.135
MinimumVisualStudioVersion = 10.0.40219.1
Project("{FAE04EC0-301F-11D3-BF4B-00C04F79EFBC}") = "SpecExport", "SpecExport\SpecExport.csproj", "{60D7B2BA-B882-41D1-949D-5DF930A97CCC}"
EndProject
Global
	GlobalSection(SolutionConfigurationPlatforms) = preSolution
		Debug|Any CPU = Debug|Any CPU
		Release|Any CPU = Release|Any CPU
	EndGlobalSection
	GlobalSection(ProjectConfigurationPlatforms) = postSolution
		{60D7B2BA-B882-41D1-949D-5DF930A97CCC}.Debug|Any CPU.ActiveCfg = Debug|Any CPU
		{60D7B2BA-B882-41D1-949D-5DF930A97CCC}.Debug|Any CPU.Build.0 = Debug|Any CPU
		{60D7B2BA-B882-41D1-949D-5DF930A97CCC}.Release|Any CPU.ActiveCfg = Release|Any CPU
		{60D7B2BA-B882-41D1-949D-5DF930A97CCC}.Release|Any CPU.Build.0 = Release|Any CPU
	EndGlobalSection
	GlobalSection(SolutionProperties) = preSolution
		HideSolutionNode = FALSE
	EndGlobalSection
	GlobalSection(ExtensibilityGlobals) = postSolution
		SolutionGuid = {D90D60BA-49D0-4B98-8635-D78AA95DCE9A}
	EndGlobalSection
EndGlobal
